{
  "nodes": {
    "koreader": {
      "flake": false,
      "locked": {
        "lastModified": 1761993404,
        "narHash": "sha256-yBC6xRHgsOZVNZeiSaAPvSWrq8HeL4AEX5X1MKk+eXo=",
        "owner": "koreader",
        "repo": "koreader",
        "rev": "8726233277a86575c3139b7bcb1ce735361dafc9",
        "type": "github"
      },
      "original": {
        "owner": "koreader",
        "ref": "v2025.10",
        "repo": "koreader",
        "type": "github"
      }
    },
    "koreader-test-data": {
      "flake": false,
      "locked": {
        "lastModified": 1734344729,
        "narHash": "sha256-08wJyuTXPBgb1TIiWSSwGDwRCKkGZkOl9UzM0ksIIco=",
        "owner": "koreader",
        "repo": "test-data",
        "rev": "c3b5d06e1ae8ea088bd898b0e7f9da3753d0d86c",
        "type": "github"
      },
      "original": {
        "owner": "koreader",
        "repo": "test-data",
        "type": "github"
      }
    },
    "nixpkgs": {
      "locked": {
        "lastModified": 1779560665,
        "narHash": "sha256-tpyBcxPpcQb8ukyNF7DoCwfSY3VPsxHoYwj00Cayv5o=",
        "owner": "NixOS",
        "repo": "nixpkgs",
        "rev": "64c08a7ca051951c8eae34e3e3cb1e202fe36786",
        "type": "github"
      },
      "original": {
        "owner": "NixOS",
        "ref": "nixos-unstable",
        "repo": "nixpkgs",
        "type": "github"
      }
    },
    "root": {
      "inputs": {
        "koreader": "koreader",
        "koreader-test-data": "koreader-test-data",
        "nixpkgs": "nixpkgs"
      }
    }
  },
  "root": "root",
  "version": 7
}
